{
  "name": "ajs-node",
  "version": "1.0.0",
  "lockfileVersion": 2,
  "requires": true,
  "packages": {
    "": {
      "name": "ajs-node",
      "version": "1.0.0",
      "license": "ISC",
      "dependencies": {
        "@rolexevich/ajs-platforms": "^1.0.0"
      }
    },
    "node_modules/@rolexevich/ajs-platforms": {
      "version": "1.0.0",
      "resolved": "https://npm.pkg.github.com/download/@rolexevich/ajs-platforms/1.0.0/41ebce0cb835a41ddc66a467bf21599df5576fc9",
      "integrity": "sha512-EmE+hAi9gcZbDZWls1lAIy2nijP7n1iJwjjgHsgtuceoBpzGhhipc+vSgWjLRXZmZtESACaiT6TMy9oVSLyKkA==",
      "license": "ISC"
    }
  },
  "dependencies": {
    "@rolexevich/ajs-platforms": {
      "version": "1.0.0",
      "resolved": "https://npm.pkg.github.com/download/@rolexevich/ajs-platforms/1.0.0/41ebce0cb835a41ddc66a467bf21599df5576fc9",
      "integrity": "sha512-EmE+hAi9gcZbDZWls1lAIy2nijP7n1iJwjjgHsgtuceoBpzGhhipc+vSgWjLRXZmZtESACaiT6TMy9oVSLyKkA=="
    }
  }
}
